
Microsoft Visual Studio Solution File, Format Version 12.00
# Visual Studio Version 17
VisualStudioVersion = 17.8.34511.84
MinimumVisualStudioVersion = 10.0.40219.1
Project("{9A19103F-16F7-4668-BE54-9A1E7A4F7556}") = "QuanLyContainer_API", "QuanLyContainer_API.csproj", "{C781A5E4-155B-420E-A809-55F6860CCC66}"
EndProject
Project("{FAE04EC0-301F-11D3-BF4B-00C04F79EFBC}") = "QuanLyContainer_Gateway", "..\QuanLyKhoBaiADOAPI\QuanLyContainer_Gateway\QuanLyContainer_Gateway.csproj", "{63D3077D-F493-44AF-83A4-303D61F5997D}"
EndProject
Global
	GlobalSection(SolutionConfigurationPlatforms) = preSolution
		Debug|Any CPU = Debug|Any CPU
		Release|Any CPU = Release|Any CPU
	EndGlobalSection
	GlobalSection(ProjectConfigurationPlatforms) = postSolution
		{C781A5E4-155B-420E-A809-55F6860CCC66}.Debug|Any CPU.ActiveCfg = Debug|Any CPU
		{C781A5E4-155B-420E-A809-55F6860CCC66}.Debug|Any CPU.Build.0 = Debug|Any CPU
		{C781A5E4-155B-420E-A809-55F6860CCC66}.Release|Any CPU.ActiveCfg = Release|Any CPU
		{C781A5E4-155B-420E-A809-55F6860CCC66}.Release|Any CPU.Build.0 = Release|Any CPU
		{63D3077D-F493-44AF-83A4-303D61F5997D}.Debug|Any CPU.ActiveCfg = Debug|Any CPU
		{63D3077D-F493-44AF-83A4-303D61F5997D}.Debug|Any CPU.Build.0 = Debug|Any CPU
		{63D3077D-F493-44AF-83A4-303D61F5997D}.Release|Any CPU.ActiveCfg = Release|Any CPU
		{63D3077D-F493-44AF-83A4-303D61F5997D}.Release|Any CPU.Build.0 = Release|Any CPU
	EndGlobalSection
	GlobalSection(SolutionProperties) = preSolution
		HideSolutionNode = FALSE
	EndGlobalSection
	GlobalSection(ExtensibilityGlobals) = postSolution
		SolutionGuid = {7A11F0C0-A259-43C7-8ADF-133FC2F8D12D}
	EndGlobalSection
EndGlobal
